
Microsoft Visual Studio Solution File, Format Version 12.00
# Visual Studio Version 17
VisualStudioVersion = 17.13.35806.99
MinimumVisualStudioVersion = 10.0.40219.1
Project("{FAE04EC0-301F-11D3-BF4B-00C04F79EFBC}") = "Catalog.Api", "Catalog_API\Catalog.Api.csproj", "{6B8428BB-5F6D-446B-98BD-C90F9C7722CF}"
EndProject
Project("{FAE04EC0-301F-11D3-BF4B-00C04F79EFBC}") = "Auth.Api", "Auth_API\Auth.Api.csproj", "{BBD6C030-622A-48FA-ACD5-63AD27EF390C}"
EndProject
Project("{2150E333-8FDC-42A3-9474-1A3956D46DE8}") = "Sales", "Sales", "{02EA681E-C7D8-13C7-8484-4AC65E1B71E8}"
EndProject
Project("{2150E333-8FDC-42A3-9474-1A3956D46DE8}") = "Support", "Support", "{74617EF5-A1AE-4C0A-816B-8C0AF8B49FDB}"
EndProject
Project("{2150E333-8FDC-42A3-9474-1A3956D46DE8}") = "Catalog", "Catalog", "{682BFC20-07EB-4CEA-886F-376426A8E90B}"
EndProject
Project("{2150E333-8FDC-42A3-9474-1A3956D46DE8}") = "Core", "Core", "{3C047EFB-861B-4AF3-B603-6C49A9CE5B3D}"
EndProject
Project("{FAE04EC0-301F-11D3-BF4B-00C04F79EFBC}") = "Sales.Domain", "Sales.Domain\Sales.Domain.csproj", "{76A8BD9E-1A9B-4F85-AE90-8C8A5A6D7F7D}"
EndProject
Project("{FAE04EC0-301F-11D3-BF4B-00C04F79EFBC}") = "Sales.Infrastructure", "Sales.Infrastructure\Sales.Infrastructure.csproj", "{E3F1BB64-0A69-4B74-A6AF-EE080B337A95}"
EndProject
Project("{FAE04EC0-301F-11D3-BF4B-00C04F79EFBC}") = "Sales.Application", "Sales.Application\Sales.Application.csproj", "{4E6EC749-98C8-4523-AC11-4739DB5A4B6F}"
EndProject
Project("{2150E333-8FDC-42A3-9474-1A3956D46DE8}") = "src", "src", "{AE7548C3-EEB4-4C0A-B58F-AA6561B9193F}"
EndProject
Project("{2150E333-8FDC-42A3-9474-1A3956D46DE8}") = "Warehouse", "Warehouse", "{CA37485A-BC59-427F-A3FB-B12593281A04}"
EndProject
Project("{2150E333-8FDC-42A3-9474-1A3956D46DE8}") = "FeedBack", "FeedBack", "{6D93F50B-7E5B-40F4-A1A6-67E9D33BA4AB}"
EndProject
Project("{2150E333-8FDC-42A3-9474-1A3956D46DE8}") = "Api", "Api", "{063247C1-8199-479B-B3DA-0E973ACE4621}"
EndProject
Project("{2150E333-8FDC-42A3-9474-1A3956D46DE8}") = "Domain", "Domain", "{C7FBCB03-71D2-4DFC-AB3D-C01C5EBD8158}"
EndProject
Project("{2150E333-8FDC-42A3-9474-1A3956D46DE8}") = "Infrastructure", "Infrastructure", "{99003380-9B1C-4B67-B1A1-4D6038BAF514}"
EndProject
Project("{FAE04EC0-301F-11D3-BF4B-00C04F79EFBC}") = "Warehouse.Api", "Warehouse.Api\Warehouse.Api.csproj", "{CFEC5FCB-80E1-46E8-BE3B-425FD4D9D9C2}"
EndProject
Project("{FAE04EC0-301F-11D3-BF4B-00C04F79EFBC}") = "Warehouse.Domain", "Warehouse.Domain\Warehouse.Domain.csproj", "{1C39D627-0384-4716-B18E-1787745FB4C2}"
EndProject
Project("{2150E333-8FDC-42A3-9474-1A3956D46DE8}") = "_shared", "_shared", "{FC9D1481-7F24-4F9B-9C3B-B16098B0EB5A}"
EndProject
Project("{FAE04EC0-301F-11D3-BF4B-00C04F79EFBC}") = "Media.Api", "Media_API\Media.Api.csproj", "{8F993599-DCA4-4ACE-A101-F717A10B2DE7}"
EndProject
Project("{FAE04EC0-301F-11D3-BF4B-00C04F79EFBC}") = "Sales.Api", "Sales.API\Sales.Api.csproj", "{9EC2BAFE-8606-2610-8E0E-C9E6E501A2FB}"
EndProject
Project("{FAE04EC0-301F-11D3-BF4B-00C04F79EFBC}") = "Warehouse.Infrastructure", "Warehouse.Infrastructure\Warehouse.Infrastructure.csproj", "{AF8E16CB-E0D2-4534-8D11-F8AC29091177}"
EndProject
Global
	GlobalSection(SolutionConfigurationPlatforms) = preSolution
		Debug|Any CPU = Debug|Any CPU
		Release|Any CPU = Release|Any CPU
	EndGlobalSection
	GlobalSection(ProjectConfigurationPlatforms) = postSolution
		{6B8428BB-5F6D-446B-98BD-C90F9C7722CF}.Debug|Any CPU.ActiveCfg = Debug|Any CPU
		{6B8428BB-5F6D-446B-98BD-C90F9C7722CF}.Debug|Any CPU.Build.0 = Debug|Any CPU
		{6B8428BB-5F6D-446B-98BD-C90F9C7722CF}.Release|Any CPU.ActiveCfg = Release|Any CPU
		{6B8428BB-5F6D-446B-98BD-C90F9C7722CF}.Release|Any CPU.Build.0 = Release|Any CPU
		{BBD6C030-622A-48FA-ACD5-63AD27EF390C}.Debug|Any CPU.ActiveCfg = Debug|Any CPU
		{BBD6C030-622A-48FA-ACD5-63AD27EF390C}.Debug|Any CPU.Build.0 = Debug|Any CPU
		{BBD6C030-622A-48FA-ACD5-63AD27EF390C}.Release|Any CPU.ActiveCfg = Release|Any CPU
		{BBD6C030-622A-48FA-ACD5-63AD27EF390C}.Release|Any CPU.Build.0 = Release|Any CPU
		{76A8BD9E-1A9B-4F85-AE90-8C8A5A6D7F7D}.Debug|Any CPU.ActiveCfg = Debug|Any CPU
		{76A8BD9E-1A9B-4F85-AE90-8C8A5A6D7F7D}.Debug|Any CPU.Build.0 = Debug|Any CPU
		{76A8BD9E-1A9B-4F85-AE90-8C8A5A6D7F7D}.Release|Any CPU.ActiveCfg = Release|Any CPU
		{76A8BD9E-1A9B-4F85-AE90-8C8A5A6D7F7D}.Release|Any CPU.Build.0 = Release|Any CPU
		{E3F1BB64-0A69-4B74-A6AF-EE080B337A95}.Debug|Any CPU.ActiveCfg = Debug|Any CPU
		{E3F1BB64-0A69-4B74-A6AF-EE080B337A95}.Debug|Any CPU.Build.0 = Debug|Any CPU
		{E3F1BB64-0A69-4B74-A6AF-EE080B337A95}.Release|Any CPU.ActiveCfg = Release|Any CPU
		{E3F1BB64-0A69-4B74-A6AF-EE080B337A95}.Release|Any CPU.Build.0 = Release|Any CPU
		{4E6EC749-98C8-4523-AC11-4739DB5A4B6F}.Debug|Any CPU.ActiveCfg = Debug|Any CPU
		{4E6EC749-98C8-4523-AC11-4739DB5A4B6F}.Debug|Any CPU.Build.0 = Debug|Any CPU
		{4E6EC749-98C8-4523-AC11-4739DB5A4B6F}.Release|Any CPU.ActiveCfg = Release|Any CPU
		{4E6EC749-98C8-4523-AC11-4739DB5A4B6F}.Release|Any CPU.Build.0 = Release|Any CPU
		{CFEC5FCB-80E1-46E8-BE3B-425FD4D9D9C2}.Debug|Any CPU.ActiveCfg = Debug|Any CPU
		{CFEC5FCB-80E1-46E8-BE3B-425FD4D9D9C2}.Debug|Any CPU.Build.0 = Debug|Any CPU
		{CFEC5FCB-80E1-46E8-BE3B-425FD4D9D9C2}.Release|Any CPU.ActiveCfg = Release|Any CPU
		{CFEC5FCB-80E1-46E8-BE3B-425FD4D9D9C2}.Release|Any CPU.Build.0 = Release|Any CPU
		{1C39D627-0384-4716-B18E-1787745FB4C2}.Debug|Any CPU.ActiveCfg = Debug|Any CPU
		{1C39D627-0384-4716-B18E-1787745FB4C2}.Debug|Any CPU.Build.0 = Debug|Any CPU
		{1C39D627-0384-4716-B18E-1787745FB4C2}.Release|Any CPU.ActiveCfg = Release|Any CPU
		{1C39D627-0384-4716-B18E-1787745FB4C2}.Release|Any CPU.Build.0 = Release|Any CPU
		{8F993599-DCA4-4ACE-A101-F717A10B2DE7}.Debug|Any CPU.ActiveCfg = Debug|Any CPU
		{8F993599-DCA4-4ACE-A101-F717A10B2DE7}.Debug|Any CPU.Build.0 = Debug|Any CPU
		{8F993599-DCA4-4ACE-A101-F717A10B2DE7}.Release|Any CPU.ActiveCfg = Release|Any CPU
		{8F993599-DCA4-4ACE-A101-F717A10B2DE7}.Release|Any CPU.Build.0 = Release|Any CPU
		{9EC2BAFE-8606-2610-8E0E-C9E6E501A2FB}.Debug|Any CPU.ActiveCfg = Debug|Any CPU
		{9EC2BAFE-8606-2610-8E0E-C9E6E501A2FB}.Debug|Any CPU.Build.0 = Debug|Any CPU
		{9EC2BAFE-8606-2610-8E0E-C9E6E501A2FB}.Release|Any CPU.ActiveCfg = Release|Any CPU
		{9EC2BAFE-8606-2610-8E0E-C9E6E501A2FB}.Release|Any CPU.Build.0 = Release|Any CPU
		{AF8E16CB-E0D2-4534-8D11-F8AC29091177}.Debug|Any CPU.ActiveCfg = Debug|Any CPU
		{AF8E16CB-E0D2-4534-8D11-F8AC29091177}.Debug|Any CPU.Build.0 = Debug|Any CPU
		{AF8E16CB-E0D2-4534-8D11-F8AC29091177}.Release|Any CPU.ActiveCfg = Release|Any CPU
		{AF8E16CB-E0D2-4534-8D11-F8AC29091177}.Release|Any CPU.Build.0 = Release|Any CPU
	EndGlobalSection
	GlobalSection(SolutionProperties) = preSolution
		HideSolutionNode = FALSE
	EndGlobalSection
	GlobalSection(NestedProjects) = preSolution
		{6B8428BB-5F6D-446B-98BD-C90F9C7722CF} = {682BFC20-07EB-4CEA-886F-376426A8E90B}
		{BBD6C030-622A-48FA-ACD5-63AD27EF390C} = {74617EF5-A1AE-4C0A-816B-8C0AF8B49FDB}
		{02EA681E-C7D8-13C7-8484-4AC65E1B71E8} = {3C047EFB-861B-4AF3-B603-6C49A9CE5B3D}
		{74617EF5-A1AE-4C0A-816B-8C0AF8B49FDB} = {AE7548C3-EEB4-4C0A-B58F-AA6561B9193F}
		{682BFC20-07EB-4CEA-886F-376426A8E90B} = {3C047EFB-861B-4AF3-B603-6C49A9CE5B3D}
		{3C047EFB-861B-4AF3-B603-6C49A9CE5B3D} = {AE7548C3-EEB4-4C0A-B58F-AA6561B9193F}
		{76A8BD9E-1A9B-4F85-AE90-8C8A5A6D7F7D} = {02EA681E-C7D8-13C7-8484-4AC65E1B71E8}
		{E3F1BB64-0A69-4B74-A6AF-EE080B337A95} = {02EA681E-C7D8-13C7-8484-4AC65E1B71E8}
		{4E6EC749-98C8-4523-AC11-4739DB5A4B6F} = {02EA681E-C7D8-13C7-8484-4AC65E1B71E8}
		{CA37485A-BC59-427F-A3FB-B12593281A04} = {3C047EFB-861B-4AF3-B603-6C49A9CE5B3D}
		{6D93F50B-7E5B-40F4-A1A6-67E9D33BA4AB} = {3C047EFB-861B-4AF3-B603-6C49A9CE5B3D}
		{063247C1-8199-479B-B3DA-0E973ACE4621} = {CA37485A-BC59-427F-A3FB-B12593281A04}
		{C7FBCB03-71D2-4DFC-AB3D-C01C5EBD8158} = {CA37485A-BC59-427F-A3FB-B12593281A04}
		{99003380-9B1C-4B67-B1A1-4D6038BAF514} = {CA37485A-BC59-427F-A3FB-B12593281A04}
		{CFEC5FCB-80E1-46E8-BE3B-425FD4D9D9C2} = {063247C1-8199-479B-B3DA-0E973ACE4621}
		{1C39D627-0384-4716-B18E-1787745FB4C2} = {C7FBCB03-71D2-4DFC-AB3D-C01C5EBD8158}
		{FC9D1481-7F24-4F9B-9C3B-B16098B0EB5A} = {AE7548C3-EEB4-4C0A-B58F-AA6561B9193F}
		{8F993599-DCA4-4ACE-A101-F717A10B2DE7} = {74617EF5-A1AE-4C0A-816B-8C0AF8B49FDB}
		{9EC2BAFE-8606-2610-8E0E-C9E6E501A2FB} = {02EA681E-C7D8-13C7-8484-4AC65E1B71E8}
		{AF8E16CB-E0D2-4534-8D11-F8AC29091177} = {99003380-9B1C-4B67-B1A1-4D6038BAF514}
	EndGlobalSection
	GlobalSection(ExtensibilityGlobals) = postSolution
		SolutionGuid = {E68F6290-9E18-4876-AFD5-28C40BE2A98F}
	EndGlobalSection
EndGlobal
