
Microsoft Visual Studio Solution File, Format Version 12.00
# Visual Studio Version 17
VisualStudioVersion = 17.13.35806.99
MinimumVisualStudioVersion = 10.0.40219.1
Project("{2150E333-8FDC-42A3-9474-1A3956D46DE8}") = "Sales", "Sales", "{02EA681E-C7D8-13C7-8484-4AC65E1B71E8}"
EndProject
Project("{2150E333-8FDC-42A3-9474-1A3956D46DE8}") = "Support", "Support", "{74617EF5-A1AE-4C0A-816B-8C0AF8B49FDB}"
EndProject
Project("{2150E333-8FDC-42A3-9474-1A3956D46DE8}") = "Catalog", "Catalog", "{682BFC20-07EB-4CEA-886F-376426A8E90B}"
EndProject
Project("{2150E333-8FDC-42A3-9474-1A3956D46DE8}") = "Core", "Core", "{3C047EFB-861B-4AF3-B603-6C49A9CE5B3D}"
EndProject
Project("{2150E333-8FDC-42A3-9474-1A3956D46DE8}") = "Inventory", "Inventory", "{CA37485A-BC59-427F-A3FB-B12593281A04}"
EndProject
Project("{2150E333-8FDC-42A3-9474-1A3956D46DE8}") = "FeedBack", "FeedBack", "{6D93F50B-7E5B-40F4-A1A6-67E9D33BA4AB}"
EndProject
Project("{FAE04EC0-301F-11D3-BF4B-00C04F79EFBC}") = "Catalog.Api", "Core\Catalog\Catalog.Api\Catalog.Api.csproj", "{8FBA43C3-222F-9B6E-BE4D-97623BC9440D}"
EndProject
Project("{FAE04EC0-301F-11D3-BF4B-00C04F79EFBC}") = "Sales.Api", "Core\Sales\Sales.Api\Sales.Api.csproj", "{442D5F0E-CE85-61CE-1670-3D8F815FA9A2}"
EndProject
Project("{FAE04EC0-301F-11D3-BF4B-00C04F79EFBC}") = "Sales.Application", "Core\Sales\Sales.Application\Sales.Application.csproj", "{70FF91CB-76F9-4699-8463-15F326E34AB8}"
EndProject
Project("{FAE04EC0-301F-11D3-BF4B-00C04F79EFBC}") = "Sales.Domain", "Core\Sales\Sales.Domain\Sales.Domain.csproj", "{B4EC5EC5-3B91-8015-B722-CCE77E1BC95B}"
EndProject
Project("{FAE04EC0-301F-11D3-BF4B-00C04F79EFBC}") = "Sales.Infrastructure", "Core\Sales\Sales.Infrastructure\Sales.Infrastructure.csproj", "{60F9CF08-4CA9-2086-9AD5-D3740A797051}"
EndProject
Project("{FAE04EC0-301F-11D3-BF4B-00C04F79EFBC}") = "Inventory.Api", "Core\Warehouse\Warehouse.Api\Inventory.Api.csproj", "{9D61A5A3-A2F0-45FE-0DD7-4CE63629FAE2}"
EndProject
Project("{FAE04EC0-301F-11D3-BF4B-00C04F79EFBC}") = "Inventory.Domain", "Core\Warehouse\Warehouse.Domain\Inventory.Domain.csproj", "{5039CF49-AD65-4FDC-B9A9-34C0E3B6DF0B}"
EndProject
Project("{FAE04EC0-301F-11D3-BF4B-00C04F79EFBC}") = "Inventory.Infrastructure", "Core\Warehouse\Warehouse.Infrastructure\Inventory.Infrastructure.csproj", "{22A2C77C-C454-29FD-3B95-EB134361888C}"
EndProject
Project("{FAE04EC0-301F-11D3-BF4B-00C04F79EFBC}") = "Auth.Api", "Support\Auth.Api\Auth.Api.csproj", "{A545E5E3-3FCB-3259-5724-14957873BF81}"
EndProject
Project("{FAE04EC0-301F-11D3-BF4B-00C04F79EFBC}") = "Media.Api", "Support\Media.Api\Media.Api.csproj", "{1C670C37-385D-6407-8292-7967BA75695D}"
EndProject
Project("{2150E333-8FDC-42A3-9474-1A3956D46DE8}") = "Common", "Common", "{9F91F964-59C6-4450-A8BE-5EE5CE1E625F}"
EndProject
Project("{FAE04EC0-301F-11D3-BF4B-00C04F79EFBC}") = "Common.Application", "Common\Common.Application\Common.Application.csproj", "{39DE8CDA-20B7-58B6-240E-0EE69B289904}"
EndProject
Project("{FAE04EC0-301F-11D3-BF4B-00C04F79EFBC}") = "Common.Domain", "Common\Common.Domain\Common.Domain.csproj", "{70ACE563-28F1-6401-808E-FFDD8B0F8FCC}"
EndProject
Project("{FAE04EC0-301F-11D3-BF4B-00C04F79EFBC}") = "Common.Infrastructure", "Common\Common.Infrastructure\Common.Infrastructure.csproj", "{5865FB00-D4EF-27FF-1E4D-FB79B2233AE6}"
EndProject
Project("{FAE04EC0-301F-11D3-BF4B-00C04F79EFBC}") = "Gateway.Api", "Support\Gateway.Api\Gateway.Api.csproj", "{12F59AE5-03F0-5B3C-1346-E3E9EBC0B0CA}"
EndProject
Project("{FAE04EC0-301F-11D3-BF4B-00C04F79EFBC}") = "Feedback.Api", "Core\FeedBack\Feedback.Api\Feedback.Api.csproj", "{7CB1C1EE-4436-A2DA-073C-CE3176475FFD}"
EndProject
Project("{FAE04EC0-301F-11D3-BF4B-00C04F79EFBC}") = "GlobalEventStoreWorker", "Support\GlobalEventStoreWorker\GlobalEventStoreWorker.csproj", "{A713125B-BDF9-BB38-96EC-5C5B83188CBC}"
EndProject
Project("{2150E333-8FDC-42A3-9474-1A3956D46DE8}") = "_dev", "_dev", "{05583773-21B0-4041-8D10-9E332224E7FB}"
EndProject
Project("{2150E333-8FDC-42A3-9474-1A3956D46DE8}") = "_docs", "_docs", "{C7D9BCF4-B7CC-46D5-B0BD-2F7668E36CBA}"
	ProjectSection(SolutionItems) = preProject
		_dev\_docs\BeforeProduction.txt = _dev\_docs\BeforeProduction.txt
		_dev\_docs\Instructions.txt = _dev\_docs\Instructions.txt
		_dev\_docs\Todo.txt = _dev\_docs\Todo.txt
	EndProjectSection
EndProject
Project("{2150E333-8FDC-42A3-9474-1A3956D46DE8}") = "_Solution", "_Solution", "{78C968A5-2308-4F0B-8935-6632C62C3F41}"
	ProjectSection(SolutionItems) = preProject
		docker-compose.development.yml = docker-compose.development.yml
	EndProjectSection
EndProject
Global
	GlobalSection(SolutionConfigurationPlatforms) = preSolution
		Debug|Any CPU = Debug|Any CPU
		Release|Any CPU = Release|Any CPU
	EndGlobalSection
	GlobalSection(ProjectConfigurationPlatforms) = postSolution
		{8FBA43C3-222F-9B6E-BE4D-97623BC9440D}.Debug|Any CPU.ActiveCfg = Debug|Any CPU
		{8FBA43C3-222F-9B6E-BE4D-97623BC9440D}.Debug|Any CPU.Build.0 = Debug|Any CPU
		{8FBA43C3-222F-9B6E-BE4D-97623BC9440D}.Release|Any CPU.ActiveCfg = Release|Any CPU
		{8FBA43C3-222F-9B6E-BE4D-97623BC9440D}.Release|Any CPU.Build.0 = Release|Any CPU
		{442D5F0E-CE85-61CE-1670-3D8F815FA9A2}.Debug|Any CPU.ActiveCfg = Debug|Any CPU
		{442D5F0E-CE85-61CE-1670-3D8F815FA9A2}.Debug|Any CPU.Build.0 = Debug|Any CPU
		{442D5F0E-CE85-61CE-1670-3D8F815FA9A2}.Release|Any CPU.ActiveCfg = Release|Any CPU
		{442D5F0E-CE85-61CE-1670-3D8F815FA9A2}.Release|Any CPU.Build.0 = Release|Any CPU
		{70FF91CB-76F9-4699-8463-15F326E34AB8}.Debug|Any CPU.ActiveCfg = Debug|Any CPU
		{70FF91CB-76F9-4699-8463-15F326E34AB8}.Debug|Any CPU.Build.0 = Debug|Any CPU
		{70FF91CB-76F9-4699-8463-15F326E34AB8}.Release|Any CPU.ActiveCfg = Release|Any CPU
		{70FF91CB-76F9-4699-8463-15F326E34AB8}.Release|Any CPU.Build.0 = Release|Any CPU
		{B4EC5EC5-3B91-8015-B722-CCE77E1BC95B}.Debug|Any CPU.ActiveCfg = Debug|Any CPU
		{B4EC5EC5-3B91-8015-B722-CCE77E1BC95B}.Debug|Any CPU.Build.0 = Debug|Any CPU
		{B4EC5EC5-3B91-8015-B722-CCE77E1BC95B}.Release|Any CPU.ActiveCfg = Release|Any CPU
		{B4EC5EC5-3B91-8015-B722-CCE77E1BC95B}.Release|Any CPU.Build.0 = Release|Any CPU
		{60F9CF08-4CA9-2086-9AD5-D3740A797051}.Debug|Any CPU.ActiveCfg = Debug|Any CPU
		{60F9CF08-4CA9-2086-9AD5-D3740A797051}.Debug|Any CPU.Build.0 = Debug|Any CPU
		{60F9CF08-4CA9-2086-9AD5-D3740A797051}.Release|Any CPU.ActiveCfg = Release|Any CPU
		{60F9CF08-4CA9-2086-9AD5-D3740A797051}.Release|Any CPU.Build.0 = Release|Any CPU
		{9D61A5A3-A2F0-45FE-0DD7-4CE63629FAE2}.Debug|Any CPU.ActiveCfg = Debug|Any CPU
		{9D61A5A3-A2F0-45FE-0DD7-4CE63629FAE2}.Debug|Any CPU.Build.0 = Debug|Any CPU
		{9D61A5A3-A2F0-45FE-0DD7-4CE63629FAE2}.Release|Any CPU.ActiveCfg = Release|Any CPU
		{9D61A5A3-A2F0-45FE-0DD7-4CE63629FAE2}.Release|Any CPU.Build.0 = Release|Any CPU
		{5039CF49-AD65-4FDC-B9A9-34C0E3B6DF0B}.Debug|Any CPU.ActiveCfg = Debug|Any CPU
		{5039CF49-AD65-4FDC-B9A9-34C0E3B6DF0B}.Debug|Any CPU.Build.0 = Debug|Any CPU
		{5039CF49-AD65-4FDC-B9A9-34C0E3B6DF0B}.Release|Any CPU.ActiveCfg = Release|Any CPU
		{5039CF49-AD65-4FDC-B9A9-34C0E3B6DF0B}.Release|Any CPU.Build.0 = Release|Any CPU
		{22A2C77C-C454-29FD-3B95-EB134361888C}.Debug|Any CPU.ActiveCfg = Debug|Any CPU
		{22A2C77C-C454-29FD-3B95-EB134361888C}.Debug|Any CPU.Build.0 = Debug|Any CPU
		{22A2C77C-C454-29FD-3B95-EB134361888C}.Release|Any CPU.ActiveCfg = Release|Any CPU
		{22A2C77C-C454-29FD-3B95-EB134361888C}.Release|Any CPU.Build.0 = Release|Any CPU
		{A545E5E3-3FCB-3259-5724-14957873BF81}.Debug|Any CPU.ActiveCfg = Debug|Any CPU
		{A545E5E3-3FCB-3259-5724-14957873BF81}.Debug|Any CPU.Build.0 = Debug|Any CPU
		{A545E5E3-3FCB-3259-5724-14957873BF81}.Release|Any CPU.ActiveCfg = Release|Any CPU
		{A545E5E3-3FCB-3259-5724-14957873BF81}.Release|Any CPU.Build.0 = Release|Any CPU
		{1C670C37-385D-6407-8292-7967BA75695D}.Debug|Any CPU.ActiveCfg = Debug|Any CPU
		{1C670C37-385D-6407-8292-7967BA75695D}.Debug|Any CPU.Build.0 = Debug|Any CPU
		{1C670C37-385D-6407-8292-7967BA75695D}.Release|Any CPU.ActiveCfg = Release|Any CPU
		{1C670C37-385D-6407-8292-7967BA75695D}.Release|Any CPU.Build.0 = Release|Any CPU
		{39DE8CDA-20B7-58B6-240E-0EE69B289904}.Debug|Any CPU.ActiveCfg = Debug|Any CPU
		{39DE8CDA-20B7-58B6-240E-0EE69B289904}.Debug|Any CPU.Build.0 = Debug|Any CPU
		{39DE8CDA-20B7-58B6-240E-0EE69B289904}.Release|Any CPU.ActiveCfg = Release|Any CPU
		{39DE8CDA-20B7-58B6-240E-0EE69B289904}.Release|Any CPU.Build.0 = Release|Any CPU
		{70ACE563-28F1-6401-808E-FFDD8B0F8FCC}.Debug|Any CPU.ActiveCfg = Debug|Any CPU
		{70ACE563-28F1-6401-808E-FFDD8B0F8FCC}.Debug|Any CPU.Build.0 = Debug|Any CPU
		{70ACE563-28F1-6401-808E-FFDD8B0F8FCC}.Release|Any CPU.ActiveCfg = Release|Any CPU
		{70ACE563-28F1-6401-808E-FFDD8B0F8FCC}.Release|Any CPU.Build.0 = Release|Any CPU
		{5865FB00-D4EF-27FF-1E4D-FB79B2233AE6}.Debug|Any CPU.ActiveCfg = Debug|Any CPU
		{5865FB00-D4EF-27FF-1E4D-FB79B2233AE6}.Debug|Any CPU.Build.0 = Debug|Any CPU
		{5865FB00-D4EF-27FF-1E4D-FB79B2233AE6}.Release|Any CPU.ActiveCfg = Release|Any CPU
		{5865FB00-D4EF-27FF-1E4D-FB79B2233AE6}.Release|Any CPU.Build.0 = Release|Any CPU
		{12F59AE5-03F0-5B3C-1346-E3E9EBC0B0CA}.Debug|Any CPU.ActiveCfg = Debug|Any CPU
		{12F59AE5-03F0-5B3C-1346-E3E9EBC0B0CA}.Debug|Any CPU.Build.0 = Debug|Any CPU
		{12F59AE5-03F0-5B3C-1346-E3E9EBC0B0CA}.Release|Any CPU.ActiveCfg = Release|Any CPU
		{12F59AE5-03F0-5B3C-1346-E3E9EBC0B0CA}.Release|Any CPU.Build.0 = Release|Any CPU
		{7CB1C1EE-4436-A2DA-073C-CE3176475FFD}.Debug|Any CPU.ActiveCfg = Debug|Any CPU
		{7CB1C1EE-4436-A2DA-073C-CE3176475FFD}.Debug|Any CPU.Build.0 = Debug|Any CPU
		{7CB1C1EE-4436-A2DA-073C-CE3176475FFD}.Release|Any CPU.ActiveCfg = Release|Any CPU
		{7CB1C1EE-4436-A2DA-073C-CE3176475FFD}.Release|Any CPU.Build.0 = Release|Any CPU
		{A713125B-BDF9-BB38-96EC-5C5B83188CBC}.Debug|Any CPU.ActiveCfg = Debug|Any CPU
		{A713125B-BDF9-BB38-96EC-5C5B83188CBC}.Debug|Any CPU.Build.0 = Debug|Any CPU
		{A713125B-BDF9-BB38-96EC-5C5B83188CBC}.Release|Any CPU.ActiveCfg = Release|Any CPU
		{A713125B-BDF9-BB38-96EC-5C5B83188CBC}.Release|Any CPU.Build.0 = Release|Any CPU
	EndGlobalSection
	GlobalSection(SolutionProperties) = preSolution
		HideSolutionNode = FALSE
	EndGlobalSection
	GlobalSection(NestedProjects) = preSolution
		{02EA681E-C7D8-13C7-8484-4AC65E1B71E8} = {3C047EFB-861B-4AF3-B603-6C49A9CE5B3D}
		{682BFC20-07EB-4CEA-886F-376426A8E90B} = {3C047EFB-861B-4AF3-B603-6C49A9CE5B3D}
		{CA37485A-BC59-427F-A3FB-B12593281A04} = {3C047EFB-861B-4AF3-B603-6C49A9CE5B3D}
		{6D93F50B-7E5B-40F4-A1A6-67E9D33BA4AB} = {3C047EFB-861B-4AF3-B603-6C49A9CE5B3D}
		{8FBA43C3-222F-9B6E-BE4D-97623BC9440D} = {682BFC20-07EB-4CEA-886F-376426A8E90B}
		{442D5F0E-CE85-61CE-1670-3D8F815FA9A2} = {02EA681E-C7D8-13C7-8484-4AC65E1B71E8}
		{70FF91CB-76F9-4699-8463-15F326E34AB8} = {02EA681E-C7D8-13C7-8484-4AC65E1B71E8}
		{B4EC5EC5-3B91-8015-B722-CCE77E1BC95B} = {02EA681E-C7D8-13C7-8484-4AC65E1B71E8}
		{60F9CF08-4CA9-2086-9AD5-D3740A797051} = {02EA681E-C7D8-13C7-8484-4AC65E1B71E8}
		{9D61A5A3-A2F0-45FE-0DD7-4CE63629FAE2} = {CA37485A-BC59-427F-A3FB-B12593281A04}
		{5039CF49-AD65-4FDC-B9A9-34C0E3B6DF0B} = {CA37485A-BC59-427F-A3FB-B12593281A04}
		{22A2C77C-C454-29FD-3B95-EB134361888C} = {CA37485A-BC59-427F-A3FB-B12593281A04}
		{A545E5E3-3FCB-3259-5724-14957873BF81} = {74617EF5-A1AE-4C0A-816B-8C0AF8B49FDB}
		{1C670C37-385D-6407-8292-7967BA75695D} = {74617EF5-A1AE-4C0A-816B-8C0AF8B49FDB}
		{39DE8CDA-20B7-58B6-240E-0EE69B289904} = {9F91F964-59C6-4450-A8BE-5EE5CE1E625F}
		{70ACE563-28F1-6401-808E-FFDD8B0F8FCC} = {9F91F964-59C6-4450-A8BE-5EE5CE1E625F}
		{5865FB00-D4EF-27FF-1E4D-FB79B2233AE6} = {9F91F964-59C6-4450-A8BE-5EE5CE1E625F}
		{12F59AE5-03F0-5B3C-1346-E3E9EBC0B0CA} = {74617EF5-A1AE-4C0A-816B-8C0AF8B49FDB}
		{7CB1C1EE-4436-A2DA-073C-CE3176475FFD} = {6D93F50B-7E5B-40F4-A1A6-67E9D33BA4AB}
		{A713125B-BDF9-BB38-96EC-5C5B83188CBC} = {74617EF5-A1AE-4C0A-816B-8C0AF8B49FDB}
		{C7D9BCF4-B7CC-46D5-B0BD-2F7668E36CBA} = {05583773-21B0-4041-8D10-9E332224E7FB}
	EndGlobalSection
	GlobalSection(ExtensibilityGlobals) = postSolution
		SolutionGuid = {E68F6290-9E18-4876-AFD5-28C40BE2A98F}
	EndGlobalSection
EndGlobal
